<?xml version="1.0" encoding="utf-8"?>
<Project ToolsVersion="4.0" xmlns="http://schemas.microsoft.com/developer/msbuild/2003">
  <ItemGroup>
    <ClCompile Include="$(SolutionDir)src/adler32.c" />
    <ClCompile Include="$(SolutionDir)src/compress.c" />
    <ClCompile Include="$(SolutionDir)src/crc32.c" />
    <ClCompile Include="$(SolutionDir)src/deflate.c" />
    <ClCompile Include="$(SolutionDir)src/gzclose.c" />
    <ClCompile Include="$(SolutionDir)src/gzlib.c" />
    <ClCompile Include="$(SolutionDir)src/gzread.c" />
    <ClCompile Include="$(SolutionDir)src/gzwrite.c" />
    <ClCompile Include="$(SolutionDir)src/infback.c" />
    <ClCompile Include="$(SolutionDir)src/inffast.c" />
    <ClCompile Include="$(SolutionDir)src/inflate.c" />
    <ClCompile Include="$(SolutionDir)src/inftrees.c" />
    <ClCompile Include="$(SolutionDir)src/trees.c" />
    <ClCompile Include="$(SolutionDir)src/uncompr.c" />
    <ClCompile Include="$(SolutionDir)src/zutil.c" />
  </ItemGroup>
  <ItemGroup>
    <ResourceCompile Include="zlib1.rc" />
  </ItemGroup>
  <ItemGroup>
    <Filter Include="Header Files">
      <UniqueIdentifier>{781435eb-c783-473f-9107-f66822d51cbd}</UniqueIdentifier>
      <Extensions>*.h</Extensions>
    </Filter>
  </ItemGroup>
  <ItemGroup>
    <ClInclude Include="$(SolutionDir)include\zlib\zconf.h">
      <Filter>Header Files</Filter>
    </ClInclude>
    <ClInclude Include="$(SolutionDir)include\zlib\zlib.h">
      <Filter>Header Files</Filter>
    </ClInclude>
    <ClInclude Include="$(SolutionDir)include\crc32.h">
      <Filter>Header Files</Filter>
    </ClInclude>
    <ClInclude Include="$(SolutionDir)include\deflate.h">
      <Filter>Header Files</Filter>
    </ClInclude>
    <ClInclude Include="$(SolutionDir)include\gzguts.h">
      <Filter>Header Files</Filter>
    </ClInclude>
    <ClInclude Include="$(SolutionDir)include\inffast.h">
      <Filter>Header Files</Filter>
    </ClInclude>
    <ClInclude Include="$(SolutionDir)include\inffixed.h">
      <Filter>Header Files</Filter>
    </ClInclude>
    <ClInclude Include="$(SolutionDir)include\inflate.h">
      <Filter>Header Files</Filter>
    </ClInclude>
    <ClInclude Include="$(SolutionDir)include\inftrees.h">
      <Filter>Header Files</Filter>
    </ClInclude>
    <ClInclude Include="$(SolutionDir)include\trees.h">
      <Filter>Header Files</Filter>
    </ClInclude>
    <ClInclude Include="$(SolutionDir)include\zutil.h">
      <Filter>Header Files</Filter>
    </ClInclude>
  </ItemGroup>
</Project>